
Microsoft Visual Studio Solution File, Format Version 12.00
# Visual Studio Version 16
VisualStudioVersion = 25.0.1706.1
MinimumVisualStudioVersion = 10.0.40219.1
Project("{FAE04EC0-301F-11D3-BF4B-00C04F79EFBC}") = "Recievables", "Recievables\Recievables.csproj", "{DE71C7C8-2DED-4A1E-82A9-0CBC04F4DDC5}"
EndProject
Global
	GlobalSection(SolutionConfigurationPlatforms) = preSolution
		Debug|Any CPU = Debug|Any CPU
		Release|Any CPU = Release|Any CPU
	EndGlobalSection
	GlobalSection(ProjectConfigurationPlatforms) = postSolution
		{DE71C7C8-2DED-4A1E-82A9-0CBC04F4DDC5}.Debug|Any CPU.ActiveCfg = Debug|Any CPU
		{DE71C7C8-2DED-4A1E-82A9-0CBC04F4DDC5}.Debug|Any CPU.Build.0 = Debug|Any CPU
		{DE71C7C8-2DED-4A1E-82A9-0CBC04F4DDC5}.Release|Any CPU.ActiveCfg = Release|Any CPU
		{DE71C7C8-2DED-4A1E-82A9-0CBC04F4DDC5}.Release|Any CPU.Build.0 = Release|Any CPU
	EndGlobalSection
	GlobalSection(SolutionProperties) = preSolution
		HideSolutionNode = FALSE
	EndGlobalSection
	GlobalSection(ExtensibilityGlobals) = postSolution
		SolutionGuid = {360B76A1-A3CC-4EE4-99E2-614B391E991E}
	EndGlobalSection
EndGlobal
